
Microsoft Visual Studio Solution File, Format Version 12.00
# Visual Studio 15
VisualStudioVersion = 15.0.27130.2024
MinimumVisualStudioVersion = 10.0.40219.1
Project("{FAE04EC0-301F-11D3-BF4B-00C04F79EFBC}") = "MarsRoverTests", "MarsRoverTests\MarsRoverTests.csproj", "{A1D76588-FAEA-4249-97A9-C3E6C0F34BD2}"
EndProject
Project("{FAE04EC0-301F-11D3-BF4B-00C04F79EFBC}") = "MarsRover", "MarsRover\MarsRover.csproj", "{7B191F19-FE63-43D3-9514-251009E28215}"
EndProject
Global
	GlobalSection(SolutionConfigurationPlatforms) = preSolution
		Debug|Any CPU = Debug|Any CPU
		Release|Any CPU = Release|Any CPU
	EndGlobalSection
	GlobalSection(ProjectConfigurationPlatforms) = postSolution
		{A1D76588-FAEA-4249-97A9-C3E6C0F34BD2}.Debug|Any CPU.ActiveCfg = Debug|Any CPU
		{A1D76588-FAEA-4249-97A9-C3E6C0F34BD2}.Debug|Any CPU.Build.0 = Debug|Any CPU
		{A1D76588-FAEA-4249-97A9-C3E6C0F34BD2}.Release|Any CPU.ActiveCfg = Release|Any CPU
		{A1D76588-FAEA-4249-97A9-C3E6C0F34BD2}.Release|Any CPU.Build.0 = Release|Any CPU
		{7B191F19-FE63-43D3-9514-251009E28215}.Debug|Any CPU.ActiveCfg = Debug|Any CPU
		{7B191F19-FE63-43D3-9514-251009E28215}.Debug|Any CPU.Build.0 = Debug|Any CPU
		{7B191F19-FE63-43D3-9514-251009E28215}.Release|Any CPU.ActiveCfg = Release|Any CPU
		{7B191F19-FE63-43D3-9514-251009E28215}.Release|Any CPU.Build.0 = Release|Any CPU
	EndGlobalSection
	GlobalSection(SolutionProperties) = preSolution
		HideSolutionNode = FALSE
	EndGlobalSection
	GlobalSection(ExtensibilityGlobals) = postSolution
		SolutionGuid = {E895E19D-C181-4DED-A29B-474171A1B910}
	EndGlobalSection
	GlobalSection(TeamFoundationVersionControl) = preSolution
		SccNumberOfProjects = 3
		SccEnterpriseProvider = {4CA58AB2-18FA-4F8D-95D4-32DDF27D184C}
		SccTeamFoundationServer = https://tfs.mrisoftware.net/tfs/mri
		SccLocalPath0 = .
		SccProjectUniqueName1 = MarsRoverTests\\MarsRoverTests.csproj
		SccProjectName1 = MarsRoverTests
		SccLocalPath1 = MarsRoverTests
		SccProjectUniqueName2 = MarsRover\\MarsRover.csproj
		SccProjectName2 = MarsRover
		SccLocalPath2 = MarsRover
	EndGlobalSection
EndGlobal
